
Microsoft Visual Studio Solution File, Format Version 12.00
# Visual Studio 2013
VisualStudioVersion = 12.0.21005.1
MinimumVisualStudioVersion = 10.0.40219.1
Project("{2150E333-8FDC-42A3-9474-1A3956D46DE8}") = "Engine", "Engine", "{1FF16A14-788B-4EE3-A740-7A8E0AECCA93}"
EndProject
Project("{2150E333-8FDC-42A3-9474-1A3956D46DE8}") = "Games", "Games", "{13F479BE-28DB-40BC-A533-229DDC6B472F}"
EndProject
Project("{8BC9CEB8-8B4A-11D0-8D11-00A0C91BC942}") = "RGB", "Intermediate\ProjectFiles\RGB.vcxproj", "{AA2AFEE0-6061-4DBD-8138-3A86A0D2B00C}"
EndProject
Project("{8BC9CEB8-8B4A-11D0-8D11-00A0C91BC942}") = "UE4", "Intermediate\ProjectFiles\UE4.vcxproj", "{E881A91C-C6EE-41FC-AD7D-2D05621F71A7}"
EndProject
Global
	GlobalSection(SolutionConfigurationPlatforms) = preSolution
		DebugGame Editor|Win32 = DebugGame Editor|Win32
		DebugGame Editor|Win64 = DebugGame Editor|Win64
		DebugGame|Win32 = DebugGame|Win32
		DebugGame|Win64 = DebugGame|Win64
		Development Editor|Win32 = Development Editor|Win32
		Development Editor|Win64 = Development Editor|Win64
		Development|Win32 = Development|Win32
		Development|Win64 = Development|Win64
		Shipping|Win32 = Shipping|Win32
		Shipping|Win64 = Shipping|Win64
	EndGlobalSection
	GlobalSection(ProjectConfigurationPlatforms) = postSolution
		{AA2AFEE0-6061-4DBD-8138-3A86A0D2B00C}.DebugGame Editor|Win32.ActiveCfg = DebugGame_Editor|Win32
		{AA2AFEE0-6061-4DBD-8138-3A86A0D2B00C}.DebugGame Editor|Win32.Build.0 = DebugGame_Editor|Win32
		{AA2AFEE0-6061-4DBD-8138-3A86A0D2B00C}.DebugGame Editor|Win64.ActiveCfg = DebugGame_Editor|x64
		{AA2AFEE0-6061-4DBD-8138-3A86A0D2B00C}.DebugGame Editor|Win64.Build.0 = DebugGame_Editor|x64
		{AA2AFEE0-6061-4DBD-8138-3A86A0D2B00C}.DebugGame|Win32.ActiveCfg = DebugGame_Game|Win32
		{AA2AFEE0-6061-4DBD-8138-3A86A0D2B00C}.DebugGame|Win32.Build.0 = DebugGame_Game|Win32
		{AA2AFEE0-6061-4DBD-8138-3A86A0D2B00C}.DebugGame|Win64.ActiveCfg = DebugGame_Game|x64
		{AA2AFEE0-6061-4DBD-8138-3A86A0D2B00C}.DebugGame|Win64.Build.0 = DebugGame_Game|x64
		{AA2AFEE0-6061-4DBD-8138-3A86A0D2B00C}.Development Editor|Win32.ActiveCfg = Development_Editor|Win32
		{AA2AFEE0-6061-4DBD-8138-3A86A0D2B00C}.Development Editor|Win32.Build.0 = Development_Editor|Win32
		{AA2AFEE0-6061-4DBD-8138-3A86A0D2B00C}.Development Editor|Win64.ActiveCfg = Development_Editor|x64
		{AA2AFEE0-6061-4DBD-8138-3A86A0D2B00C}.Development Editor|Win64.Build.0 = Development_Editor|x64
		{AA2AFEE0-6061-4DBD-8138-3A86A0D2B00C}.Development|Win32.ActiveCfg = Development_Game|Win32
		{AA2AFEE0-6061-4DBD-8138-3A86A0D2B00C}.Development|Win32.Build.0 = Development_Game|Win32
		{AA2AFEE0-6061-4DBD-8138-3A86A0D2B00C}.Development|Win64.ActiveCfg = Development_Game|x64
		{AA2AFEE0-6061-4DBD-8138-3A86A0D2B00C}.Development|Win64.Build.0 = Development_Game|x64
		{AA2AFEE0-6061-4DBD-8138-3A86A0D2B00C}.Shipping|Win32.ActiveCfg = Shipping_Game|Win32
		{AA2AFEE0-6061-4DBD-8138-3A86A0D2B00C}.Shipping|Win32.Build.0 = Shipping_Game|Win32
		{AA2AFEE0-6061-4DBD-8138-3A86A0D2B00C}.Shipping|Win64.ActiveCfg = Shipping_Game|x64
		{AA2AFEE0-6061-4DBD-8138-3A86A0D2B00C}.Shipping|Win64.Build.0 = Shipping_Game|x64
		{E881A91C-C6EE-41FC-AD7D-2D05621F71A7}.DebugGame Editor|Win32.ActiveCfg = BuiltWithUnrealBuildTool|Win32
		{E881A91C-C6EE-41FC-AD7D-2D05621F71A7}.DebugGame Editor|Win32.Build.0 = BuiltWithUnrealBuildTool|Win32
		{E881A91C-C6EE-41FC-AD7D-2D05621F71A7}.DebugGame Editor|Win64.ActiveCfg = BuiltWithUnrealBuildTool|Win32
		{E881A91C-C6EE-41FC-AD7D-2D05621F71A7}.DebugGame|Win32.ActiveCfg = BuiltWithUnrealBuildTool|Win32
		{E881A91C-C6EE-41FC-AD7D-2D05621F71A7}.DebugGame|Win32.Build.0 = BuiltWithUnrealBuildTool|Win32
		{E881A91C-C6EE-41FC-AD7D-2D05621F71A7}.DebugGame|Win64.ActiveCfg = BuiltWithUnrealBuildTool|Win32
		{E881A91C-C6EE-41FC-AD7D-2D05621F71A7}.Development Editor|Win32.ActiveCfg = BuiltWithUnrealBuildTool|Win32
		{E881A91C-C6EE-41FC-AD7D-2D05621F71A7}.Development Editor|Win32.Build.0 = BuiltWithUnrealBuildTool|Win32
		{E881A91C-C6EE-41FC-AD7D-2D05621F71A7}.Development Editor|Win64.ActiveCfg = BuiltWithUnrealBuildTool|Win32
		{E881A91C-C6EE-41FC-AD7D-2D05621F71A7}.Development|Win32.ActiveCfg = BuiltWithUnrealBuildTool|Win32
		{E881A91C-C6EE-41FC-AD7D-2D05621F71A7}.Development|Win32.Build.0 = BuiltWithUnrealBuildTool|Win32
		{E881A91C-C6EE-41FC-AD7D-2D05621F71A7}.Development|Win64.ActiveCfg = BuiltWithUnrealBuildTool|Win32
		{E881A91C-C6EE-41FC-AD7D-2D05621F71A7}.Shipping|Win32.ActiveCfg = BuiltWithUnrealBuildTool|Win32
		{E881A91C-C6EE-41FC-AD7D-2D05621F71A7}.Shipping|Win32.Build.0 = BuiltWithUnrealBuildTool|Win32
		{E881A91C-C6EE-41FC-AD7D-2D05621F71A7}.Shipping|Win64.ActiveCfg = BuiltWithUnrealBuildTool|Win32
	EndGlobalSection
	GlobalSection(SolutionProperties) = preSolution
		HideSolutionNode = FALSE
	EndGlobalSection
	GlobalSection(NestedProjects) = preSolution
		{E881A91C-C6EE-41FC-AD7D-2D05621F71A7} = {1FF16A14-788B-4EE3-A740-7A8E0AECCA93}
		{AA2AFEE0-6061-4DBD-8138-3A86A0D2B00C} = {13F479BE-28DB-40BC-A533-229DDC6B472F}
	EndGlobalSection
EndGlobal
